
Microsoft Visual Studio Solution File, Format Version 12.00
# Visual Studio Version 16
VisualStudioVersion = 16.0.30711.63
MinimumVisualStudioVersion = 10.0.40219.1
Project("{FAE04EC0-301F-11D3-BF4B-00C04F79EFBC}") = "PROG8170Assignment1Tests", "PROG8170Assignment1Tests\PROG8170Assignment1Tests.csproj", "{881C3428-D8D6-49A9-8045-03051DB8BB1F}"
EndProject
Project("{FAE04EC0-301F-11D3-BF4B-00C04F79EFBC}") = "PROG8170Assignment1", "PROG8170Assignment1\PROG8170Assignment1.csproj", "{B5E01D75-B9A0-443B-8100-F724923F4623}"
EndProject
Global
	GlobalSection(SolutionConfigurationPlatforms) = preSolution
		Debug|Any CPU = Debug|Any CPU
		Release|Any CPU = Release|Any CPU
	EndGlobalSection
	GlobalSection(ProjectConfigurationPlatforms) = postSolution
		{881C3428-D8D6-49A9-8045-03051DB8BB1F}.Debug|Any CPU.ActiveCfg = Debug|Any CPU
		{881C3428-D8D6-49A9-8045-03051DB8BB1F}.Debug|Any CPU.Build.0 = Debug|Any CPU
		{881C3428-D8D6-49A9-8045-03051DB8BB1F}.Release|Any CPU.ActiveCfg = Release|Any CPU
		{881C3428-D8D6-49A9-8045-03051DB8BB1F}.Release|Any CPU.Build.0 = Release|Any CPU
		{B5E01D75-B9A0-443B-8100-F724923F4623}.Debug|Any CPU.ActiveCfg = Debug|Any CPU
		{B5E01D75-B9A0-443B-8100-F724923F4623}.Debug|Any CPU.Build.0 = Debug|Any CPU
		{B5E01D75-B9A0-443B-8100-F724923F4623}.Release|Any CPU.ActiveCfg = Release|Any CPU
		{B5E01D75-B9A0-443B-8100-F724923F4623}.Release|Any CPU.Build.0 = Release|Any CPU
	EndGlobalSection
	GlobalSection(SolutionProperties) = preSolution
		HideSolutionNode = FALSE
	EndGlobalSection
	GlobalSection(ExtensibilityGlobals) = postSolution
		SolutionGuid = {7860FC7E-FDF7-481B-B1BB-5E30EA8F64B2}
	EndGlobalSection
EndGlobal
